
Microsoft Visual Studio Solution File, Format Version 12.00
# Visual Studio 15
VisualStudioVersion = 15.0.26730.12
MinimumVisualStudioVersion = 10.0.40219.1
Project("{FAE04EC0-301F-11D3-BF4B-00C04F79EFBC}") = "LuceneDemo", "LucentDemo\LuceneDemo.csproj", "{26B728EA-8AF7-4F55-9BDF-5EF9B500CC68}"
EndProject
Project("{FAE04EC0-301F-11D3-BF4B-00C04F79EFBC}") = "LuceneSearchingDemoMain", "LuceneSearchingDemoMain\LuceneSearchingDemoMain.csproj", "{EEAEF105-68E7-40D6-9587-FA7585D05287}"
EndProject
Global
	GlobalSection(SolutionConfigurationPlatforms) = preSolution
		Debug|Any CPU = Debug|Any CPU
		Release|Any CPU = Release|Any CPU
	EndGlobalSection
	GlobalSection(ProjectConfigurationPlatforms) = postSolution
		{26B728EA-8AF7-4F55-9BDF-5EF9B500CC68}.Debug|Any CPU.ActiveCfg = Debug|Any CPU
		{26B728EA-8AF7-4F55-9BDF-5EF9B500CC68}.Debug|Any CPU.Build.0 = Debug|Any CPU
		{26B728EA-8AF7-4F55-9BDF-5EF9B500CC68}.Release|Any CPU.ActiveCfg = Release|Any CPU
		{26B728EA-8AF7-4F55-9BDF-5EF9B500CC68}.Release|Any CPU.Build.0 = Release|Any CPU
		{EEAEF105-68E7-40D6-9587-FA7585D05287}.Debug|Any CPU.ActiveCfg = Debug|Any CPU
		{EEAEF105-68E7-40D6-9587-FA7585D05287}.Debug|Any CPU.Build.0 = Debug|Any CPU
		{EEAEF105-68E7-40D6-9587-FA7585D05287}.Release|Any CPU.ActiveCfg = Release|Any CPU
		{EEAEF105-68E7-40D6-9587-FA7585D05287}.Release|Any CPU.Build.0 = Release|Any CPU
	EndGlobalSection
	GlobalSection(SolutionProperties) = preSolution
		HideSolutionNode = FALSE
	EndGlobalSection
	GlobalSection(ExtensibilityGlobals) = postSolution
		SolutionGuid = {A1680913-4324-4C7C-B48F-0B4C66144CF2}
	EndGlobalSection
EndGlobal
